{
  "requires": true,
  "lockfileVersion": 1,
  "dependencies": {
    "@types/debounce": {
      "version": "1.2.1",
      "resolved": "https://registry.npmjs.org/@types/debounce/-/debounce-1.2.1.tgz",
      "integrity": "sha512-epMsEE85fi4lfmJUH/89/iV/LI+F5CvNIvmgs5g5jYFPfhO2S/ae8WSsLOKWdwtoaZw9Q2IhJ4tQ5tFCcS/4HA==",
      "dev": true
    },
    "@types/wavesurfer.js": {
      "version": "5.2.2",
      "resolved": "https://registry.npmjs.org/@types/wavesurfer.js/-/wavesurfer.js-5.2.2.tgz",
      "integrity": "sha512-/vjpf81co0SK3z4F5V79fZrFPQ8pw9/fEpgkzcgNVkBa9sY0gAaYzKuaQyCX/yjVf6kc73uPtWABQuVgvpguDQ==",
      "dev": true,
      "requires": {
        "@types/debounce": "*"
      }
    }
  }
}
